<?xml version="1.0" encoding="utf-8"?>
<Project ToolsVersion="4.0" xmlns="http://schemas.microsoft.com/developer/msbuild/2003">
  <ItemGroup>
    <Filter Include="Source Files">
      <UniqueIdentifier>{4FC737F1-C7A5-4376-A066-2A32D752A2FF}</UniqueIdentifier>
      <Extensions>cpp;c;cc;cxx;def;odl;idl;hpj;bat;asm;asmx</Extensions>
    </Filter>
    <Filter Include="Header Files">
      <UniqueIdentifier>{93995380-89BD-4b04-88EB-625FBE52EBFB}</UniqueIdentifier>
      <Extensions>h;hh;hpp;hxx;hm;inl;inc;ipp;xsd</Extensions>
    </Filter>
    <Filter Include="Resource Files">
      <UniqueIdentifier>{67DA6AB6-F800-4c08-8B7A-83BB121AAD01}</UniqueIdentifier>
      <Extensions>rc;ico;cur;bmp;dlg;rc2;rct;bin;rgs;gif;jpg;jpeg;jpe;resx;tiff;tif;png;wav;mfcribbon-ms</Extensions>
    </Filter>
    <Filter Include="Source Files\Model">
      <UniqueIdentifier>{080c3e3e-f5a6-45ac-a0c1-c72c11dcb3d9}</UniqueIdentifier>
    </Filter>
    <Filter Include="Source Files\Primitive">
      <UniqueIdentifier>{50968ef4-d9b1-46c0-ae58-4639947222e1}</UniqueIdentifier>
    </Filter>
    <Filter Include="Source Files\Utility">
      <UniqueIdentifier>{0aa03e38-fff0-4713-b535-f0b24abebb88}</UniqueIdentifier>
    </Filter>
    <Filter Include="Source Files\Object">
      <UniqueIdentifier>{943a66d6-e0c1-4234-813c-b5393f411e59}</UniqueIdentifier>
    </Filter>
    <Filter Include="Header Files\Utility">
      <UniqueIdentifier>{4649b8ca-4919-4eff-924f-c369d9096db2}</UniqueIdentifier>
    </Filter>
    <Filter Include="Header Files\Primitive">
      <UniqueIdentifier>{8979ca5d-b53a-420a-9d58-cdf323f346c2}</UniqueIdentifier>
    </Filter>
    <Filter Include="Header Files\Model">
      <UniqueIdentifier>{df7fcfa0-35b2-4406-8dc7-fd572d6061f0}</UniqueIdentifier>
    </Filter>
    <Filter Include="Header Files\Object">
      <UniqueIdentifier>{50259dbe-1379-445b-9804-d49bc8c725da}</UniqueIdentifier>
    </Filter>
  </ItemGroup>
  <ItemGroup>
    <ClCompile Include="main.cpp" />
    <ClCompile Include="skateboard.cpp">
      <Filter>Source Files\Object</Filter>
    </ClCompile>
    <ClCompile Include="bowl.cpp">
      <Filter>Source Files\Model</Filter>
    </ClCompile>
    <ClCompile Include="glsl.cpp">
      <Filter>Source Files\Utility</Filter>
    </ClCompile>
    <ClCompile Include="loader.cpp">
      <Filter>Source Files\Utility</Filter>
    </ClCompile>
    <ClCompile Include="torus.cpp">
      <Filter>Source Files\Primitive</Filter>
    </ClCompile>
    <ClCompile Include="cuboid.cpp">
      <Filter>Source Files\Primitive</Filter>
    </ClCompile>
    <ClCompile Include="cylinder.cpp">
      <Filter>Source Files\Primitive</Filter>
    </ClCompile>
    <ClCompile Include="prism.cpp">
      <Filter>Source Files\Primitive</Filter>
    </ClCompile>
    <ClCompile Include="polygon.cpp">
      <Filter>Source Files\Primitive</Filter>
    </ClCompile>
    <ClCompile Include="sphere.cpp">
      <Filter>Source Files\Primitive</Filter>
    </ClCompile>
    <ClCompile Include="speed_bump.cpp">
      <Filter>Source Files\Model</Filter>
    </ClCompile>
    <ClCompile Include="shape.cpp">
      <Filter>Source Files\Utility</Filter>
    </ClCompile>
    <ClCompile Include="skatepark.cpp">
      <Filter>Source Files\Model</Filter>
    </ClCompile>
    <ClCompile Include="skybox.cpp">
      <Filter>Source Files\Primitive</Filter>
    </ClCompile>
  </ItemGroup>
  <ItemGroup>
    <ClInclude Include="cylinder.h">
      <Filter>Header Files\Primitive</Filter>
    </ClInclude>
    <ClInclude Include="cuboid.h">
      <Filter>Header Files\Primitive</Filter>
    </ClInclude>
    <ClInclude Include="sphere.h">
      <Filter>Header Files\Primitive</Filter>
    </ClInclude>
    <ClInclude Include="prism.h">
      <Filter>Header Files\Primitive</Filter>
    </ClInclude>
    <ClInclude Include="polygon.h">
      <Filter>Header Files\Primitive</Filter>
    </ClInclude>
    <ClInclude Include="torus.h">
      <Filter>Header Files\Primitive</Filter>
    </ClInclude>
    <ClInclude Include="bowl.h">
      <Filter>Header Files\Model</Filter>
    </ClInclude>
    <ClInclude Include="skateboard.h">
      <Filter>Header Files\Object</Filter>
    </ClInclude>
    <ClInclude Include="glsl.h">
      <Filter>Header Files\Utility</Filter>
    </ClInclude>
    <ClInclude Include="loader.h">
      <Filter>Header Files\Utility</Filter>
    </ClInclude>
    <ClInclude Include="speed_bump.h">
      <Filter>Header Files\Model</Filter>
    </ClInclude>
    <ClInclude Include="shape.h">
      <Filter>Header Files\Utility</Filter>
    </ClInclude>
    <ClInclude Include="skatepark.h">
      <Filter>Header Files\Model</Filter>
    </ClInclude>
    <ClInclude Include="skybox.h">
      <Filter>Header Files\Primitive</Filter>
    </ClInclude>
  </ItemGroup>
  <ItemGroup>
    <None Include="shader.frag">
      <Filter>Resource Files</Filter>
    </None>
    <None Include="shader.vert">
      <Filter>Resource Files</Filter>
    </None>
    <None Include="skybox.vert">
      <Filter>Resource Files</Filter>
    </None>
    <None Include="skybox.frag">
      <Filter>Resource Files</Filter>
    </None>
  </ItemGroup>
</Project>