<?xml version="1.0" encoding="utf-8"?>
<Project ToolsVersion="4.0" xmlns="http://schemas.microsoft.com/developer/msbuild/2003">
  <ItemGroup>
    <ClCompile Include="bowl.cpp">
      <Filter>Model</Filter>
    </ClCompile>
    <ClCompile Include="skatepark.cpp">
      <Filter>Model</Filter>
    </ClCompile>
    <ClCompile Include="speed_bump.cpp">
      <Filter>Model</Filter>
    </ClCompile>
    <ClCompile Include="skateboard.cpp">
      <Filter>Model</Filter>
    </ClCompile>
    <ClCompile Include="cuboid.cpp">
      <Filter>Primitive</Filter>
    </ClCompile>
    <ClCompile Include="cylinder.cpp">
      <Filter>Primitive</Filter>
    </ClCompile>
    <ClCompile Include="glsl.cpp">
      <Filter>Utility</Filter>
    </ClCompile>
    <ClCompile Include="loader.cpp">
      <Filter>Utility</Filter>
    </ClCompile>
    <ClCompile Include="skybox.cpp">
      <Filter>Model</Filter>
    </ClCompile>
    <ClCompile Include="shape.cpp">
      <Filter>Utility</Filter>
    </ClCompile>
    <ClCompile Include="polygon.cpp">
      <Filter>Primitive</Filter>
    </ClCompile>
    <ClCompile Include="prism.cpp">
      <Filter>Primitive</Filter>
    </ClCompile>
    <ClCompile Include="sphere.cpp">
      <Filter>Primitive</Filter>
    </ClCompile>
    <ClCompile Include="torus.cpp">
      <Filter>Primitive</Filter>
    </ClCompile>
    <ClCompile Include="main.cpp" />
  </ItemGroup>
  <ItemGroup>
    <ClInclude Include="bowl.h">
      <Filter>Model</Filter>
    </ClInclude>
    <ClInclude Include="skatepark.h">
      <Filter>Model</Filter>
    </ClInclude>
    <ClInclude Include="speed_bump.h">
      <Filter>Model</Filter>
    </ClInclude>
    <ClInclude Include="skateboard.h">
      <Filter>Model</Filter>
    </ClInclude>
    <ClInclude Include="cuboid.h">
      <Filter>Primitive</Filter>
    </ClInclude>
    <ClInclude Include="cylinder.h">
      <Filter>Primitive</Filter>
    </ClInclude>
    <ClInclude Include="glsl.h">
      <Filter>Utility</Filter>
    </ClInclude>
    <ClInclude Include="skybox.h">
      <Filter>Model</Filter>
    </ClInclude>
    <ClInclude Include="shape.h">
      <Filter>Utility</Filter>
    </ClInclude>
    <ClInclude Include="loader.h">
      <Filter>Utility</Filter>
    </ClInclude>
    <ClInclude Include="polygon.h">
      <Filter>Primitive</Filter>
    </ClInclude>
    <ClInclude Include="prism.h">
      <Filter>Primitive</Filter>
    </ClInclude>
    <ClInclude Include="sphere.h">
      <Filter>Primitive</Filter>
    </ClInclude>
    <ClInclude Include="torus.h">
      <Filter>Primitive</Filter>
    </ClInclude>
  </ItemGroup>
  <ItemGroup>
    <None Include="shader.frag">
      <Filter>Utility</Filter>
    </None>
    <None Include="shader.vert">
      <Filter>Utility</Filter>
    </None>
    <None Include="skybox.vert">
      <Filter>Utility</Filter>
    </None>
    <None Include="skybox.frag">
      <Filter>Utility</Filter>
    </None>
  </ItemGroup>
  <ItemGroup>
    <Filter Include="Model">
      <UniqueIdentifier>{19b5368c-f3b1-466f-9ceb-bae2f0028c7c}</UniqueIdentifier>
    </Filter>
    <Filter Include="Primitive">
      <UniqueIdentifier>{8193ef39-a694-44c7-a8e4-f3ebd92bbc99}</UniqueIdentifier>
    </Filter>
    <Filter Include="Utility">
      <UniqueIdentifier>{eb9475c8-6f9b-4284-b390-1dfe33b481fb}</UniqueIdentifier>
    </Filter>
  </ItemGroup>
</Project>